
Microsoft Visual Studio Solution File, Format Version 12.00
# Visual Studio Version 16
VisualStudioVersion = 16.0.30717.126
MinimumVisualStudioVersion = 10.0.40219.1
Project("{FAE04EC0-301F-11D3-BF4B-00C04F79EFBC}") = "Rectangle", "Rectangle\Rectangle.csproj", "{3491A672-EB15-4DFE-8D6E-E073872C2088}"
EndProject
Global
	GlobalSection(SolutionConfigurationPlatforms) = preSolution
		Debug|Any CPU = Debug|Any CPU
		Release|Any CPU = Release|Any CPU
	EndGlobalSection
	GlobalSection(ProjectConfigurationPlatforms) = postSolution
		{3491A672-EB15-4DFE-8D6E-E073872C2088}.Debug|Any CPU.ActiveCfg = Debug|Any CPU
		{3491A672-EB15-4DFE-8D6E-E073872C2088}.Debug|Any CPU.Build.0 = Debug|Any CPU
		{3491A672-EB15-4DFE-8D6E-E073872C2088}.Release|Any CPU.ActiveCfg = Release|Any CPU
		{3491A672-EB15-4DFE-8D6E-E073872C2088}.Release|Any CPU.Build.0 = Release|Any CPU
	EndGlobalSection
	GlobalSection(SolutionProperties) = preSolution
		HideSolutionNode = FALSE
	EndGlobalSection
	GlobalSection(ExtensibilityGlobals) = postSolution
		SolutionGuid = {B5AC22FB-FBF9-4E83-8BFA-924D6FDD61F6}
	EndGlobalSection
EndGlobal
